[[package]]
name = "micropython-esp8266-stubs"
version = "1.19.1.post4"
description = "MicroPython stubs"
category = "dev"
optional = false
python-versions = ">=3.8,<4.0"

[metadata]
lock-version = "1.1"
python-versions = "^3.8"
content-hash = "cd41b38455d4e0006a12c20d8d1933e9794dc9acde9f6788cfc4ea444ede6794"

[metadata.files]
micropython-esp8266-stubs = []
